// !$*UTF8*$!
{
	archiveVersion = 1;
	classes = {
	};
	objectVersion = 56;
	objects = {

/* Begin PBXBuildFile section */
		561D58062B9E093100B7E1C6 /* AVFoundation.framework in Frameworks */ = {isa = PBXBuildFile; fileRef = 561D58052B9E093100B7E1C6 /* AVFoundation.framework */; };
		561D58082B9E093900B7E1C6 /* QuartzCore.framework in Frameworks */ = {isa = PBXBuildFile; fileRef = 561D58072B9E093900B7E1C6 /* QuartzCore.framework */; };
		568234E72B8F8741002F0CE1 /* AppDelegate.swift in Sources */ = {isa = PBXBuildFile; fileRef = 568234E62B8F8741002F0CE1 /* AppDelegate.swift */; };
		568234E92B8F8743002F0CE1 /* Assets.xcassets in Resources */ = {isa = PBXBuildFile; fileRef = 568234E82B8F8743002F0CE1 /* Assets.xcassets */; };
		568234EC2B8F8744002F0CE1 /* MainMenu.xib in Resources */ = {isa = PBXBuildFile; fileRef = 568234EA2B8F8744002F0CE1 /* MainMenu.xib */; };
		568234FA2B8F87B8002F0CE1 /* MyView.swift in Sources */ = {isa = PBXBuildFile; fileRef = 568234F42B8F87B8002F0CE1 /* MyView.swift */; };
		568234FB2B8F87B8002F0CE1 /* HourMinute.swift in Sources */ = {isa = PBXBuildFile; fileRef = 568234F52B8F87B8002F0CE1 /* HourMinute.swift */; };
		568234FC2B8F87B8002F0CE1 /* BinaryInteger+extension.swift in Sources */ = {isa = PBXBuildFile; fileRef = 568234F72B8F87B8002F0CE1 /* BinaryInteger+extension.swift */; };
		568234FD2B8F87B8002F0CE1 /* URL+extension.swift in Sources */ = {isa = PBXBuildFile; fileRef = 568234F82B8F87B8002F0CE1 /* URL+extension.swift */; };
		568234FE2B8F87B8002F0CE1 /* Data+extension.swift in Sources */ = {isa = PBXBuildFile; fileRef = 568234F92B8F87B8002F0CE1 /* Data+extension.swift */; };
		568235012B8F87FF002F0CE1 /* NetworkOptionView.xib in Resources */ = {isa = PBXBuildFile; fileRef = 568235002B8F87FF002F0CE1 /* NetworkOptionView.xib */; };
		568235032B8F8832002F0CE1 /* NetworkOptionViewController.swift in Sources */ = {isa = PBXBuildFile; fileRef = 568235022B8F8832002F0CE1 /* NetworkOptionViewController.swift */; };
		568235062B8F9C69002F0CE1 /* MovieOptionViewController.swift in Sources */ = {isa = PBXBuildFile; fileRef = 568235052B8F9C69002F0CE1 /* MovieOptionViewController.swift */; };
		568235082B8F9C98002F0CE1 /* MovieOptionView.xib in Resources */ = {isa = PBXBuildFile; fileRef = 568235072B8F9C98002F0CE1 /* MovieOptionView.xib */; };
		5682350D2B8FB309002F0CE1 /* Network.framework in Frameworks */ = {isa = PBXBuildFile; fileRef = 5682350C2B8FB309002F0CE1 /* Network.framework */; };
		5682350F2B8FB312002F0CE1 /* IOKit.framework in Frameworks */ = {isa = PBXBuildFile; fileRef = 5682350E2B8FB312002F0CE1 /* IOKit.framework */; };
		568235112B90AE73002F0CE1 /* Packet.swift in Sources */ = {isa = PBXBuildFile; fileRef = 568235102B90AE73002F0CE1 /* Packet.swift */; };
		568235132B90B31D002F0CE1 /* MediaPlayer.swift in Sources */ = {isa = PBXBuildFile; fileRef = 568235122B90B31D002F0CE1 /* MediaPlayer.swift */; };
		568235152B90EE69002F0CE1 /* MediaWindowController.swift in Sources */ = {isa = PBXBuildFile; fileRef = 568235142B90EE69002F0CE1 /* MediaWindowController.swift */; };
		568235172B90EE98002F0CE1 /* MediaWindow.xib in Resources */ = {isa = PBXBuildFile; fileRef = 568235162B90EE98002F0CE1 /* MediaWindow.xib */; };
		568235192B92051A002F0CE1 /* Connection.swift in Sources */ = {isa = PBXBuildFile; fileRef = 568235182B92051A002F0CE1 /* Connection.swift */; };
		5682351B2B922188002F0CE1 /* Window+extension.swift in Sources */ = {isa = PBXBuildFile; fileRef = 5682351A2B922188002F0CE1 /* Window+extension.swift */; };
		5682351E2B924AC9002F0CE1 /* Serial.swift in Sources */ = {isa = PBXBuildFile; fileRef = 5682351D2B924AC9002F0CE1 /* Serial.swift */; };
/* End PBXBuildFile section */

/* Begin PBXFileReference section */
		561D58052B9E093100B7E1C6 /* AVFoundation.framework */ = {isa = PBXFileReference; lastKnownFileType = wrapper.framework; name = AVFoundation.framework; path = System/Library/Frameworks/AVFoundation.framework; sourceTree = SDKROOT; };
		561D58072B9E093900B7E1C6 /* QuartzCore.framework */ = {isa = PBXFileReference; lastKnownFileType = wrapper.framework; name = QuartzCore.framework; path = System/Library/Frameworks/QuartzCore.framework; sourceTree = SDKROOT; };
		568234E32B8F8741002F0CE1 /* MovieClient.app */ = {isa = PBXFileReference; explicitFileType = wrapper.application; includeInIndex = 0; path = MovieClient.app; sourceTree = BUILT_PRODUCTS_DIR; };
		568234E62B8F8741002F0CE1 /* AppDelegate.swift */ = {isa = PBXFileReference; lastKnownFileType = sourcecode.swift; path = AppDelegate.swift; sourceTree = "<group>"; };
		568234E82B8F8743002F0CE1 /* Assets.xcassets */ = {isa = PBXFileReference; lastKnownFileType = folder.assetcatalog; path = Assets.xcassets; sourceTree = "<group>"; };
		568234EB2B8F8744002F0CE1 /* Base */ = {isa = PBXFileReference; lastKnownFileType = file.xib; name = Base; path = Base.lproj/MainMenu.xib; sourceTree = "<group>"; };
		568234ED2B8F8744002F0CE1 /* MovieClient.entitlements */ = {isa = PBXFileReference; lastKnownFileType = text.plist.entitlements; path = MovieClient.entitlements; sourceTree = "<group>"; };
		568234F42B8F87B8002F0CE1 /* MyView.swift */ = {isa = PBXFileReference; fileEncoding = 4; lastKnownFileType = sourcecode.swift; path = MyView.swift; sourceTree = "<group>"; };
		568234F52B8F87B8002F0CE1 /* HourMinute.swift */ = {isa = PBXFileReference; fileEncoding = 4; lastKnownFileType = sourcecode.swift; path = HourMinute.swift; sourceTree = "<group>"; };
		568234F72B8F87B8002F0CE1 /* BinaryInteger+extension.swift */ = {isa = PBXFileReference; fileEncoding = 4; lastKnownFileType = sourcecode.swift; path = "BinaryInteger+extension.swift"; sourceTree = "<group>"; };
		568234F82B8F87B8002F0CE1 /* URL+extension.swift */ = {isa = PBXFileReference; fileEncoding = 4; lastKnownFileType = sourcecode.swift; path = "URL+extension.swift"; sourceTree = "<group>"; };
		568234F92B8F87B8002F0CE1 /* Data+extension.swift */ = {isa = PBXFileReference; fileEncoding = 4; lastKnownFileType = sourcecode.swift; path = "Data+extension.swift"; sourceTree = "<group>"; };
		568235002B8F87FF002F0CE1 /* NetworkOptionView.xib */ = {isa = PBXFileReference; lastKnownFileType = file.xib; path = NetworkOptionView.xib; sourceTree = "<group>"; };
		568235022B8F8832002F0CE1 /* NetworkOptionViewController.swift */ = {isa = PBXFileReference; lastKnownFileType = sourcecode.swift; path = NetworkOptionViewController.swift; sourceTree = "<group>"; };
		568235052B8F9C69002F0CE1 /* MovieOptionViewController.swift */ = {isa = PBXFileReference; lastKnownFileType = sourcecode.swift; path = MovieOptionViewController.swift; sourceTree = "<group>"; };
		568235072B8F9C98002F0CE1 /* MovieOptionView.xib */ = {isa = PBXFileReference; lastKnownFileType = file.xib; path = MovieOptionView.xib; sourceTree = "<group>"; };
		5682350C2B8FB309002F0CE1 /* Network.framework */ = {isa = PBXFileReference; lastKnownFileType = wrapper.framework; name = Network.framework; path = System/Library/Frameworks/Network.framework; sourceTree = SDKROOT; };
		5682350E2B8FB312002F0CE1 /* IOKit.framework */ = {isa = PBXFileReference; lastKnownFileType = wrapper.framework; name = IOKit.framework; path = System/Library/Frameworks/IOKit.framework; sourceTree = SDKROOT; };
		568235102B90AE73002F0CE1 /* Packet.swift */ = {isa = PBXFileReference; lastKnownFileType = sourcecode.swift; path = Packet.swift; sourceTree = "<group>"; };
		568235122B90B31D002F0CE1 /* MediaPlayer.swift */ = {isa = PBXFileReference; lastKnownFileType = sourcecode.swift; path = MediaPlayer.swift; sourceTree = "<group>"; };
		568235142B90EE69002F0CE1 /* MediaWindowController.swift */ = {isa = PBXFileReference; lastKnownFileType = sourcecode.swift; path = MediaWindowController.swift; sourceTree = "<group>"; };
		568235162B90EE98002F0CE1 /* MediaWindow.xib */ = {isa = PBXFileReference; lastKnownFileType = file.xib; path = MediaWindow.xib; sourceTree = "<group>"; };
		568235182B92051A002F0CE1 /* Connection.swift */ = {isa = PBXFileReference; lastKnownFileType = sourcecode.swift; path = Connection.swift; sourceTree = "<group>"; };
		5682351A2B922188002F0CE1 /* Window+extension.swift */ = {isa = PBXFileReference; lastKnownFileType = sourcecode.swift; path = "Window+extension.swift"; sourceTree = "<group>"; };
		5682351D2B924AC9002F0CE1 /* Serial.swift */ = {isa = PBXFileReference; lastKnownFileType = sourcecode.swift; path = Serial.swift; sourceTree = "<group>"; };
/* End PBXFileReference section */

/* Begin PBXFrameworksBuildPhase section */
		568234E02B8F8741002F0CE1 /* Frameworks */ = {
			isa = PBXFrameworksBuildPhase;
			buildActionMask = 2147483647;
			files = (
				561D58082B9E093900B7E1C6 /* QuartzCore.framework in Frameworks */,
				5682350D2B8FB309002F0CE1 /* Network.framework in Frameworks */,
				5682350F2B8FB312002F0CE1 /* IOKit.framework in Frameworks */,
				561D58062B9E093100B7E1C6 /* AVFoundation.framework in Frameworks */,
			);
			runOnlyForDeploymentPostprocessing = 0;
		};
/* End PBXFrameworksBuildPhase section */

/* Begin PBXGroup section */
		568234DA2B8F8741002F0CE1 = {
			isa = PBXGroup;
			children = (
				568234E52B8F8741002F0CE1 /* MovieClient */,
				568234E42B8F8741002F0CE1 /* Products */,
				5682350B2B8FB309002F0CE1 /* Frameworks */,
			);
			sourceTree = "<group>";
		};
		568234E42B8F8741002F0CE1 /* Products */ = {
			isa = PBXGroup;
			children = (
				568234E32B8F8741002F0CE1 /* MovieClient.app */,
			);
			name = Products;
			sourceTree = "<group>";
		};
		568234E52B8F8741002F0CE1 /* MovieClient */ = {
			isa = PBXGroup;
			children = (
				5682351C2B9249AC002F0CE1 /* Projector */,
				568235042B8F8EF2002F0CE1 /* Player */,
				568234FF2B8F87DB002F0CE1 /* Network */,
				568234F62B8F87B8002F0CE1 /* Extension */,
				568234F32B8F87B8002F0CE1 /* Utility */,
				568234E62B8F8741002F0CE1 /* AppDelegate.swift */,
				568234E82B8F8743002F0CE1 /* Assets.xcassets */,
				568234EA2B8F8744002F0CE1 /* MainMenu.xib */,
				568234ED2B8F8744002F0CE1 /* MovieClient.entitlements */,
			);
			path = MovieClient;
			sourceTree = "<group>";
		};
		568234F32B8F87B8002F0CE1 /* Utility */ = {
			isa = PBXGroup;
			children = (
				568234F42B8F87B8002F0CE1 /* MyView.swift */,
				568234F52B8F87B8002F0CE1 /* HourMinute.swift */,
			);
			path = Utility;
			sourceTree = "<group>";
		};
		568234F62B8F87B8002F0CE1 /* Extension */ = {
			isa = PBXGroup;
			children = (
				568234F72B8F87B8002F0CE1 /* BinaryInteger+extension.swift */,
				568234F82B8F87B8002F0CE1 /* URL+extension.swift */,
				568234F92B8F87B8002F0CE1 /* Data+extension.swift */,
				5682351A2B922188002F0CE1 /* Window+extension.swift */,
			);
			path = Extension;
			sourceTree = "<group>";
		};
		568234FF2B8F87DB002F0CE1 /* Network */ = {
			isa = PBXGroup;
			children = (
				568235002B8F87FF002F0CE1 /* NetworkOptionView.xib */,
				568235022B8F8832002F0CE1 /* NetworkOptionViewController.swift */,
				568235182B92051A002F0CE1 /* Connection.swift */,
				568235102B90AE73002F0CE1 /* Packet.swift */,
			);
			path = Network;
			sourceTree = "<group>";
		};
		568235042B8F8EF2002F0CE1 /* Player */ = {
			isa = PBXGroup;
			children = (
				568235072B8F9C98002F0CE1 /* MovieOptionView.xib */,
				568235052B8F9C69002F0CE1 /* MovieOptionViewController.swift */,
				568235122B90B31D002F0CE1 /* MediaPlayer.swift */,
				568235142B90EE69002F0CE1 /* MediaWindowController.swift */,
				568235162B90EE98002F0CE1 /* MediaWindow.xib */,
			);
			path = Player;
			sourceTree = "<group>";
		};
		5682350B2B8FB309002F0CE1 /* Frameworks */ = {
			isa = PBXGroup;
			children = (
				561D58072B9E093900B7E1C6 /* QuartzCore.framework */,
				561D58052B9E093100B7E1C6 /* AVFoundation.framework */,
				5682350E2B8FB312002F0CE1 /* IOKit.framework */,
				5682350C2B8FB309002F0CE1 /* Network.framework */,
			);
			name = Frameworks;
			sourceTree = "<group>";
		};
		5682351C2B9249AC002F0CE1 /* Projector */ = {
			isa = PBXGroup;
			children = (
				5682351D2B924AC9002F0CE1 /* Serial.swift */,
			);
			path = Projector;
			sourceTree = "<group>";
		};
/* End PBXGroup section */

/* Begin PBXNativeTarget section */
		568234E22B8F8741002F0CE1 /* MovieClient */ = {
			isa = PBXNativeTarget;
			buildConfigurationList = 568234F02B8F8744002F0CE1 /* Build configuration list for PBXNativeTarget "MovieClient" */;
			buildPhases = (
				568234DF2B8F8741002F0CE1 /* Sources */,
				568234E02B8F8741002F0CE1 /* Frameworks */,
				568234E12B8F8741002F0CE1 /* Resources */,
			);
			buildRules = (
			);
			dependencies = (
			);
			name = MovieClient;
			productName = MovieClient;
			productReference = 568234E32B8F8741002F0CE1 /* MovieClient.app */;
			productType = "com.apple.product-type.application";
		};
/* End PBXNativeTarget section */

/* Begin PBXProject section */
		568234DB2B8F8741002F0CE1 /* Project object */ = {
			isa = PBXProject;
			attributes = {
				BuildIndependentTargetsInParallel = 1;
				LastSwiftUpdateCheck = 1520;
				LastUpgradeCheck = 1520;
				ORGANIZATIONNAME = "Chales Kerr";
				TargetAttributes = {
					568234E22B8F8741002F0CE1 = {
						CreatedOnToolsVersion = 15.2;
					};
				};
			};
			buildConfigurationList = 568234DE2B8F8741002F0CE1 /* Build configuration list for PBXProject "MovieClient" */;
			compatibilityVersion = "Xcode 14.0";
			developmentRegion = en;
			hasScannedForEncodings = 0;
			knownRegions = (
				en,
				Base,
			);
			mainGroup = 568234DA2B8F8741002F0CE1;
			productRefGroup = 568234E42B8F8741002F0CE1 /* Products */;
			projectDirPath = "";
			projectRoot = "";
			targets = (
				568234E22B8F8741002F0CE1 /* MovieClient */,
			);
		};
/* End PBXProject section */

/* Begin PBXResourcesBuildPhase section */
		568234E12B8F8741002F0CE1 /* Resources */ = {
			isa = PBXResourcesBuildPhase;
			buildActionMask = 2147483647;
			files = (
				568235082B8F9C98002F0CE1 /* MovieOptionView.xib in Resources */,
				568235172B90EE98002F0CE1 /* MediaWindow.xib in Resources */,
				568234E92B8F8743002F0CE1 /* Assets.xcassets in Resources */,
				568235012B8F87FF002F0CE1 /* NetworkOptionView.xib in Resources */,
				568234EC2B8F8744002F0CE1 /* MainMenu.xib in Resources */,
			);
			runOnlyForDeploymentPostprocessing = 0;
		};
/* End PBXResourcesBuildPhase section */

/* Begin PBXSourcesBuildPhase section */
		568234DF2B8F8741002F0CE1 /* Sources */ = {
			isa = PBXSourcesBuildPhase;
			buildActionMask = 2147483647;
			files = (
				568235192B92051A002F0CE1 /* Connection.swift in Sources */,
				5682351B2B922188002F0CE1 /* Window+extension.swift in Sources */,
				568235032B8F8832002F0CE1 /* NetworkOptionViewController.swift in Sources */,
				568234FB2B8F87B8002F0CE1 /* HourMinute.swift in Sources */,
				568235062B8F9C69002F0CE1 /* MovieOptionViewController.swift in Sources */,
				568234FA2B8F87B8002F0CE1 /* MyView.swift in Sources */,
				568234E72B8F8741002F0CE1 /* AppDelegate.swift in Sources */,
				568235152B90EE69002F0CE1 /* MediaWindowController.swift in Sources */,
				568234FC2B8F87B8002F0CE1 /* BinaryInteger+extension.swift in Sources */,
				568235112B90AE73002F0CE1 /* Packet.swift in Sources */,
				568234FD2B8F87B8002F0CE1 /* URL+extension.swift in Sources */,
				568235132B90B31D002F0CE1 /* MediaPlayer.swift in Sources */,
				568234FE2B8F87B8002F0CE1 /* Data+extension.swift in Sources */,
				5682351E2B924AC9002F0CE1 /* Serial.swift in Sources */,
			);
			runOnlyForDeploymentPostprocessing = 0;
		};
/* End PBXSourcesBuildPhase section */

/* Begin PBXVariantGroup section */
		568234EA2B8F8744002F0CE1 /* MainMenu.xib */ = {
			isa = PBXVariantGroup;
			children = (
				568234EB2B8F8744002F0CE1 /* Base */,
			);
			name = MainMenu.xib;
			sourceTree = "<group>";
		};
/* End PBXVariantGroup section */

/* Begin XCBuildConfiguration section */
		568234EE2B8F8744002F0CE1 /* Debug */ = {
			isa = XCBuildConfiguration;
			buildSettings = {
				ALWAYS_SEARCH_USER_PATHS = NO;
				ASSETCATALOG_COMPILER_GENERATE_SWIFT_ASSET_SYMBOL_EXTENSIONS = YES;
				CLANG_ANALYZER_NONNULL = YES;
				CLANG_ANALYZER_NUMBER_OBJECT_CONVERSION = YES_AGGRESSIVE;
				CLANG_CXX_LANGUAGE_STANDARD = "gnu++20";
				CLANG_ENABLE_MODULES = YES;
				CLANG_ENABLE_OBJC_ARC = YES;
				CLANG_ENABLE_OBJC_WEAK = YES;
				CLANG_WARN_BLOCK_CAPTURE_AUTORELEASING = YES;
				CLANG_WARN_BOOL_CONVERSION = YES;
				CLANG_WARN_COMMA = YES;
				CLANG_WARN_CONSTANT_CONVERSION = YES;
				CLANG_WARN_DEPRECATED_OBJC_IMPLEMENTATIONS = YES;
				CLANG_WARN_DIRECT_OBJC_ISA_USAGE = YES_ERROR;
				CLANG_WARN_DOCUMENTATION_COMMENTS = YES;
				CLANG_WARN_EMPTY_BODY = YES;
				CLANG_WARN_ENUM_CONVERSION = YES;
				CLANG_WARN_INFINITE_RECURSION = YES;
				CLANG_WARN_INT_CONVERSION = YES;
				CLANG_WARN_NON_LITERAL_NULL_CONVERSION = YES;
				CLANG_WARN_OBJC_IMPLICIT_RETAIN_SELF = YES;
				CLANG_WARN_OBJC_LITERAL_CONVERSION = YES;
				CLANG_WARN_OBJC_ROOT_CLASS = YES_ERROR;
				CLANG_WARN_QUOTED_INCLUDE_IN_FRAMEWORK_HEADER = YES;
				CLANG_WARN_RANGE_LOOP_ANALYSIS = YES;
				CLANG_WARN_STRICT_PROTOTYPES = YES;
				CLANG_WARN_SUSPICIOUS_MOVE = YES;
				CLANG_WARN_UNGUARDED_AVAILABILITY = YES_AGGRESSIVE;
				CLANG_WARN_UNREACHABLE_CODE = YES;
				CLANG_WARN__DUPLICATE_METHOD_MATCH = YES;
				COPY_PHASE_STRIP = NO;
				DEBUG_INFORMATION_FORMAT = dwarf;
				ENABLE_STRICT_OBJC_MSGSEND = YES;
				ENABLE_TESTABILITY = YES;
				ENABLE_USER_SCRIPT_SANDBOXING = YES;
				GCC_C_LANGUAGE_STANDARD = gnu17;
				GCC_DYNAMIC_NO_PIC = NO;
				GCC_NO_COMMON_BLOCKS = YES;
				GCC_OPTIMIZATION_LEVEL = 0;
				GCC_PREPROCESSOR_DEFINITIONS = (
					"DEBUG=1",
					"$(inherited)",
				);
				GCC_WARN_64_TO_32_BIT_CONVERSION = YES;
				GCC_WARN_ABOUT_RETURN_TYPE = YES_ERROR;
				GCC_WARN_UNDECLARED_SELECTOR = YES;
				GCC_WARN_UNINITIALIZED_AUTOS = YES_AGGRESSIVE;
				GCC_WARN_UNUSED_FUNCTION = YES;
				GCC_WARN_UNUSED_VARIABLE = YES;
				LOCALIZATION_PREFERS_STRING_CATALOGS = YES;
				MACOSX_DEPLOYMENT_TARGET = 14.2;
				MTL_ENABLE_DEBUG_INFO = INCLUDE_SOURCE;
				MTL_FAST_MATH = YES;
				ONLY_ACTIVE_ARCH = YES;
				SDKROOT = macosx;
				SWIFT_ACTIVE_COMPILATION_CONDITIONS = "DEBUG $(inherited)";
				SWIFT_OPTIMIZATION_LEVEL = "-Onone";
			};
			name = Debug;
		};
		568234EF2B8F8744002F0CE1 /* Release */ = {
			isa = XCBuildConfiguration;
			buildSettings = {
				ALWAYS_SEARCH_USER_PATHS = NO;
				ASSETCATALOG_COMPILER_GENERATE_SWIFT_ASSET_SYMBOL_EXTENSIONS = YES;
				CLANG_ANALYZER_NONNULL = YES;
				CLANG_ANALYZER_NUMBER_OBJECT_CONVERSION = YES_AGGRESSIVE;
				CLANG_CXX_LANGUAGE_STANDARD = "gnu++20";
				CLANG_ENABLE_MODULES = YES;
				CLANG_ENABLE_OBJC_ARC = YES;
				CLANG_ENABLE_OBJC_WEAK = YES;
				CLANG_WARN_BLOCK_CAPTURE_AUTORELEASING = YES;
				CLANG_WARN_BOOL_CONVERSION = YES;
				CLANG_WARN_COMMA = YES;
				CLANG_WARN_CONSTANT_CONVERSION = YES;
				CLANG_WARN_DEPRECATED_OBJC_IMPLEMENTATIONS = YES;
				CLANG_WARN_DIRECT_OBJC_ISA_USAGE = YES_ERROR;
				CLANG_WARN_DOCUMENTATION_COMMENTS = YES;
				CLANG_WARN_EMPTY_BODY = YES;
				CLANG_WARN_ENUM_CONVERSION = YES;
				CLANG_WARN_INFINITE_RECURSION = YES;
				CLANG_WARN_INT_CONVERSION = YES;
				CLANG_WARN_NON_LITERAL_NULL_CONVERSION = YES;
				CLANG_WARN_OBJC_IMPLICIT_RETAIN_SELF = YES;
				CLANG_WARN_OBJC_LITERAL_CONVERSION = YES;
				CLANG_WARN_OBJC_ROOT_CLASS = YES_ERROR;
				CLANG_WARN_QUOTED_INCLUDE_IN_FRAMEWORK_HEADER = YES;
				CLANG_WARN_RANGE_LOOP_ANALYSIS = YES;
				CLANG_WARN_STRICT_PROTOTYPES = YES;
				CLANG_WARN_SUSPICIOUS_MOVE = YES;
				CLANG_WARN_UNGUARDED_AVAILABILITY = YES_AGGRESSIVE;
				CLANG_WARN_UNREACHABLE_CODE = YES;
				CLANG_WARN__DUPLICATE_METHOD_MATCH = YES;
				COPY_PHASE_STRIP = NO;
				DEBUG_INFORMATION_FORMAT = "dwarf-with-dsym";
				ENABLE_NS_ASSERTIONS = NO;
				ENABLE_STRICT_OBJC_MSGSEND = YES;
				ENABLE_USER_SCRIPT_SANDBOXING = YES;
				GCC_C_LANGUAGE_STANDARD = gnu17;
				GCC_NO_COMMON_BLOCKS = YES;
				GCC_WARN_64_TO_32_BIT_CONVERSION = YES;
				GCC_WARN_ABOUT_RETURN_TYPE = YES_ERROR;
				GCC_WARN_UNDECLARED_SELECTOR = YES;
				GCC_WARN_UNINITIALIZED_AUTOS = YES_AGGRESSIVE;
				GCC_WARN_UNUSED_FUNCTION = YES;
				GCC_WARN_UNUSED_VARIABLE = YES;
				LOCALIZATION_PREFERS_STRING_CATALOGS = YES;
				MACOSX_DEPLOYMENT_TARGET = 14.2;
				MTL_ENABLE_DEBUG_INFO = NO;
				MTL_FAST_MATH = YES;
				SDKROOT = macosx;
				SWIFT_COMPILATION_MODE = wholemodule;
			};
			name = Release;
		};
		568234F12B8F8744002F0CE1 /* Debug */ = {
			isa = XCBuildConfiguration;
			buildSettings = {
				ASSETCATALOG_COMPILER_APPICON_NAME = AppIcon;
				ASSETCATALOG_COMPILER_GLOBAL_ACCENT_COLOR_NAME = AccentColor;
				CODE_SIGN_ENTITLEMENTS = MovieClient/MovieClient.entitlements;
				CODE_SIGN_STYLE = Automatic;
				COMBINE_HIDPI_IMAGES = YES;
				CURRENT_PROJECT_VERSION = 1;
				DEVELOPMENT_TEAM = CF264WE69M;
				ENABLE_HARDENED_RUNTIME = YES;
				GENERATE_INFOPLIST_FILE = YES;
				INFOPLIST_KEY_NSHumanReadableCopyright = "";
				INFOPLIST_KEY_NSMainNibFile = MainMenu;
				INFOPLIST_KEY_NSPrincipalClass = NSApplication;
				LD_RUNPATH_SEARCH_PATHS = (
					"$(inherited)",
					"@executable_path/../Frameworks",
				);
				MARKETING_VERSION = 1.0;
				PRODUCT_BUNDLE_IDENTIFIER = com.blinky.MovieClient;
				PRODUCT_NAME = "$(TARGET_NAME)";
				SWIFT_EMIT_LOC_STRINGS = YES;
				SWIFT_VERSION = 5.0;
			};
			name = Debug;
		};
		568234F22B8F8744002F0CE1 /* Release */ = {
			isa = XCBuildConfiguration;
			buildSettings = {
				ASSETCATALOG_COMPILER_APPICON_NAME = AppIcon;
				ASSETCATALOG_COMPILER_GLOBAL_ACCENT_COLOR_NAME = AccentColor;
				CODE_SIGN_ENTITLEMENTS = MovieClient/MovieClient.entitlements;
				CODE_SIGN_STYLE = Automatic;
				COMBINE_HIDPI_IMAGES = YES;
				CURRENT_PROJECT_VERSION = 1;
				DEVELOPMENT_TEAM = CF264WE69M;
				ENABLE_HARDENED_RUNTIME = YES;
				GENERATE_INFOPLIST_FILE = YES;
				INFOPLIST_KEY_NSHumanReadableCopyright = "";
				INFOPLIST_KEY_NSMainNibFile = MainMenu;
				INFOPLIST_KEY_NSPrincipalClass = NSApplication;
				LD_RUNPATH_SEARCH_PATHS = (
					"$(inherited)",
					"@executable_path/../Frameworks",
				);
				MARKETING_VERSION = 1.0;
				PRODUCT_BUNDLE_IDENTIFIER = com.blinky.MovieClient;
				PRODUCT_NAME = "$(TARGET_NAME)";
				SWIFT_EMIT_LOC_STRINGS = YES;
				SWIFT_VERSION = 5.0;
			};
			name = Release;
		};
/* End XCBuildConfiguration section */

/* Begin XCConfigurationList section */
		568234DE2B8F8741002F0CE1 /* Build configuration list for PBXProject "MovieClient" */ = {
			isa = XCConfigurationList;
			buildConfigurations = (
				568234EE2B8F8744002F0CE1 /* Debug */,
				568234EF2B8F8744002F0CE1 /* Release */,
			);
			defaultConfigurationIsVisible = 0;
			defaultConfigurationName = Release;
		};
		568234F02B8F8744002F0CE1 /* Build configuration list for PBXNativeTarget "MovieClient" */ = {
			isa = XCConfigurationList;
			buildConfigurations = (
				568234F12B8F8744002F0CE1 /* Debug */,
				568234F22B8F8744002F0CE1 /* Release */,
			);
			defaultConfigurationIsVisible = 0;
			defaultConfigurationName = Release;
		};
/* End XCConfigurationList section */
	};
	rootObject = 568234DB2B8F8741002F0CE1 /* Project object */;
}
